PODS:
  - AFNetworking (3.1.0):
    - AFNetworking/NSURLSession (= 3.1.0)
    - AFNetworking/Reachability (= 3.1.0)
    - AFNetworking/Security (= 3.1.0)
    - AFNetworking/Serialization (= 3.1.0)
    - AFNetworking/UIKit (= 3.1.0)
  - AFNetworking/NSURLSession (3.1.0):
    - AFNetworking/Reachability
    - AFNetworking/Security
    - AFNetworking/Serialization
  - AFNetworking/Reachability (3.1.0)
  - AFNetworking/Security (3.1.0)
  - AFNetworking/Serialization (3.1.0)
  - AFNetworking/UIKit (3.1.0):
    - AFNetworking/NSURLSession
  - DACircularProgress (2.3.1)
  - FMDB (2.6.2):
    - FMDB/standard (= 2.6.2)
  - FMDB/standard (2.6.2)
  - HHDoctorSDK (2.0.6.3):
    - HHDoctorSDK/Base (= 2.0.6.3)
  - HHDoctorSDK/Base (2.0.6.3)
  - MBProgressHUD (1.0.0)
  - MJExtension (3.0.13)
  - PYPhotoBrowser (1.2.5):
    - DACircularProgress
    - MBProgressHUD
    - SDWebImage
  - SDWebImage (4.0.0):
    - SDWebImage/Core (= 4.0.0)
  - SDWebImage/Core (4.0.0)

DEPENDENCIES:
  - AFNetworking
  - FMDB
  - HHDoctorSDK (from `http://code.hh-medic.com/hh_public/HHDoctorSDK.ios.git`, branch `no/utdid`)
  - MJExtension
  - PYPhotoBrowser
  - SDWebImage

SPEC REPOS:
  https://github.com/cocoapods/specs.git:
    - AFNetworking
    - DACircularProgress
    - FMDB
    - MBProgressHUD
    - MJExtension
    - PYPhotoBrowser
    - SDWebImage

EXTERNAL SOURCES:
  HHDoctorSDK:
    :branch: no/utdid
    :git: http://code.hh-medic.com/hh_public/HHDoctorSDK.ios.git

CHECKOUT OPTIONS:
  HHDoctorSDK:
    :commit: cdd35a3e507d94d8e4b0a9ed3d4165054c47310b
    :git: http://code.hh-medic.com/hh_public/HHDoctorSDK.ios.git

SPEC CHECKSUMS:
  AFNetworking: 5e0e199f73d8626b11e79750991f5d173d1f8b67
  DACircularProgress: 4dd437c0fc3da5161cb289e07ac449493d41db71
  FMDB: 854a0341b4726e53276f2a8996f06f1b80f9259a
  HHDoctorSDK: f5de46e477d8776d0f74e54b64ef4a2fc8de8e1f
  MBProgressHUD: 4890f671c94e8a0f3cf959aa731e9de2f036d71a
  MJExtension: 5932755f451458eefa24239358817f8d291240c7
  PYPhotoBrowser: 832154ec5e61c2c321d9be0e69af1fda8731e5ac
  SDWebImage: 76a6348bdc74eb5a55dd08a091ef298e56b55e41

PODFILE CHECKSUM: f3f0bb818fff64118782e0d848228f6f83fe6eae

COCOAPODS: 1.5.3
