PODS:
  - AFNetworking (3.1.0):
    - AFNetworking/NSURLSession (= 3.1.0)
    - AFNetworking/Reachability (= 3.1.0)
    - AFNetworking/Security (= 3.1.0)
    - AFNetworking/Serialization (= 3.1.0)
    - AFNetworking/UIKit (= 3.1.0)
  - AFNetworking/NSURLSession (3.1.0):
    - AFNetworking/Reachability
    - AFNetworking/Security
    - AFNetworking/Serialization
  - AFNetworking/Reachability (3.1.0)
  - AFNetworking/Security (3.1.0)
  - AFNetworking/Serialization (3.1.0)
  - AFNetworking/UIKit (3.1.0):
    - AFNetworking/NSURLSession
  - DACircularProgress (2.3.1)
  - FLAnimatedImage (1.0.12)
  - FMDB (2.6.2):
    - FMDB/standard (= 2.6.2)
  - FMDB/standard (2.6.2)
  - HHDoctorSDK (2.0.1):
    - HHDoctorSDK/Base (= 2.0.1)
  - HHDoctorSDK/Base (2.0.1)
  - MBProgressHUD (1.1.0)
  - MJExtension (3.0.13)
  - MJRefresh (3.1.15.7)
  - PYPhotoBrowser (1.5.6):
    - DACircularProgress
    - MBProgressHUD
    - SDWebImage/GIF (~> 4.2.1)
  - SDWebImage (4.2.3):
    - SDWebImage/Core (= 4.2.3)
  - SDWebImage/Core (4.2.3)
  - SDWebImage/GIF (4.2.3):
    - FLAnimatedImage (~> 1.0)
    - SDWebImage/Core
  - YYModel (1.0.4)

DEPENDENCIES:
  - AFNetworking
  - FMDB
  - HHDoctorSDK (from `http://code.hh-medic.com/hh_public/HHDoctorSDK.ios.git`)
  - MJExtension
  - MJRefresh
  - PYPhotoBrowser (~> 1.5.6)
  - SDWebImage (~> 4.2.1)
  - YYModel

SPEC REPOS:
  https://github.com/cocoapods/specs.git:
    - AFNetworking
    - DACircularProgress
    - FLAnimatedImage
    - FMDB
    - MBProgressHUD
    - MJExtension
    - MJRefresh
    - PYPhotoBrowser
    - SDWebImage
    - YYModel

EXTERNAL SOURCES:
  HHDoctorSDK:
    :git: http://code.hh-medic.com/hh_public/HHDoctorSDK.ios.git

CHECKOUT OPTIONS:
  HHDoctorSDK:
    :commit: d8d3b13eb10bb3c6274d452542f5cd11dffcd41a
    :git: http://code.hh-medic.com/hh_public/HHDoctorSDK.ios.git

SPEC CHECKSUMS:
  AFNetworking: 5e0e199f73d8626b11e79750991f5d173d1f8b67
  DACircularProgress: 4dd437c0fc3da5161cb289e07ac449493d41db71
  FLAnimatedImage: 4a0b56255d9b05f18b6dd7ee06871be5d3b89e31
  FMDB: 854a0341b4726e53276f2a8996f06f1b80f9259a
  HHDoctorSDK: 5c254c791aa30ab010ad95e69d3f5ce7ea3943e5
  MBProgressHUD: e7baa36a220447d8aeb12769bf0585582f3866d9
  MJExtension: 5932755f451458eefa24239358817f8d291240c7
  MJRefresh: 697f8ec75ebdbe9207767bb682cf0f51b0d8a41f
  PYPhotoBrowser: 74f6526b290069a55943ed92e5a21f84c6d90ecf
  SDWebImage: 791bb72962b3492327ddcac4b1880bd1b5458431
  YYModel: 2a7fdd96aaa4b86a824e26d0c517de8928c04b30

PODFILE CHECKSUM: b0d992cc6ab1b3072ab8e4622d6eca330eec6b21

COCOAPODS: 1.5.3
